
Microsoft Visual Studio Solution File, Format Version 12.00
# Visual Studio Version 17
VisualStudioVersion = 17.3.32825.248
MinimumVisualStudioVersion = 10.0.40219.1
Project("{FAE04EC0-301F-11D3-BF4B-00C04F79EFBC}") = "selectionStatementsExercise1", "selectionStatementsExercise1\selectionStatementsExercise1.csproj", "{7B1F45F6-E718-453A-99B2-8868B630C781}"
EndProject
Global
	GlobalSection(SolutionConfigurationPlatforms) = preSolution
		Debug|Any CPU = Debug|Any CPU
		Release|Any CPU = Release|Any CPU
	EndGlobalSection
	GlobalSection(ProjectConfigurationPlatforms) = postSolution
		{7B1F45F6-E718-453A-99B2-8868B630C781}.Debug|Any CPU.ActiveCfg = Debug|Any CPU
		{7B1F45F6-E718-453A-99B2-8868B630C781}.Debug|Any CPU.Build.0 = Debug|Any CPU
		{7B1F45F6-E718-453A-99B2-8868B630C781}.Release|Any CPU.ActiveCfg = Release|Any CPU
		{7B1F45F6-E718-453A-99B2-8868B630C781}.Release|Any CPU.Build.0 = Release|Any CPU
	EndGlobalSection
	GlobalSection(SolutionProperties) = preSolution
		HideSolutionNode = FALSE
	EndGlobalSection
	GlobalSection(ExtensibilityGlobals) = postSolution
		SolutionGuid = {24BBD7DB-CE1F-4BCA-A7C2-DE280362207D}
	EndGlobalSection
EndGlobal
