
Microsoft Visual Studio Solution File, Format Version 12.00
# Visual Studio Version 17
VisualStudioVersion = 17.3.32825.248
MinimumVisualStudioVersion = 10.0.40219.1
Project("{FAE04EC0-301F-11D3-BF4B-00C04F79EFBC}") = "selectionStatementsExercise2", "selectionStatementsExercise2\selectionStatementsExercise2.csproj", "{C7EE8203-726A-4576-9628-E4D4F94FA467}"
EndProject
Global
	GlobalSection(SolutionConfigurationPlatforms) = preSolution
		Debug|Any CPU = Debug|Any CPU
		Release|Any CPU = Release|Any CPU
	EndGlobalSection
	GlobalSection(ProjectConfigurationPlatforms) = postSolution
		{C7EE8203-726A-4576-9628-E4D4F94FA467}.Debug|Any CPU.ActiveCfg = Debug|Any CPU
		{C7EE8203-726A-4576-9628-E4D4F94FA467}.Debug|Any CPU.Build.0 = Debug|Any CPU
		{C7EE8203-726A-4576-9628-E4D4F94FA467}.Release|Any CPU.ActiveCfg = Release|Any CPU
		{C7EE8203-726A-4576-9628-E4D4F94FA467}.Release|Any CPU.Build.0 = Release|Any CPU
	EndGlobalSection
	GlobalSection(SolutionProperties) = preSolution
		HideSolutionNode = FALSE
	EndGlobalSection
	GlobalSection(ExtensibilityGlobals) = postSolution
		SolutionGuid = {DA25096B-08FE-4B2A-91A3-24F2A3336616}
	EndGlobalSection
EndGlobal
